
Microsoft Visual Studio Solution File, Format Version 12.00
# Visual Studio Version 16
VisualStudioVersion = 16.0.30804.86
MinimumVisualStudioVersion = 10.0.40219.1
Project("{9A19103F-16F7-4668-BE54-9A1E7A4F7556}") = "ExamSystem.DAL", "ExamSystem.DAL\ExamSystem.DAL.csproj", "{EAD9B166-75F9-4659-AEC8-2601057025F0}"
EndProject
Project("{9A19103F-16F7-4668-BE54-9A1E7A4F7556}") = "ExamSystem.Systems", "ExamSystem.Systems\ExamSystem.Systems.csproj", "{7DD9FB0B-F59F-4D1A-AF9A-11EFC239052A}"
EndProject
Project("{9A19103F-16F7-4668-BE54-9A1E7A4F7556}") = "ExamSystemUIWinforms", "ExamSystemUIWinforms\ExamSystemUIWinforms.csproj", "{DACC9651-83E1-4D4D-84D6-7E7DEEFDE0E7}"
	ProjectSection(ProjectDependencies) = postProject
		{7DD9FB0B-F59F-4D1A-AF9A-11EFC239052A} = {7DD9FB0B-F59F-4D1A-AF9A-11EFC239052A}
		{EAD9B166-75F9-4659-AEC8-2601057025F0} = {EAD9B166-75F9-4659-AEC8-2601057025F0}
	EndProjectSection
EndProject
Project("{FAE04EC0-301F-11D3-BF4B-00C04F79EFBC}") = "AdminSystemUI", "AdminSystemUI\AdminSystemUI.csproj", "{4D2E75E1-7FC5-4DA8-9C81-D7DF78334FFF}"
EndProject
Global
	GlobalSection(SolutionConfigurationPlatforms) = preSolution
		Debug|Any CPU = Debug|Any CPU
		Release|Any CPU = Release|Any CPU
	EndGlobalSection
	GlobalSection(ProjectConfigurationPlatforms) = postSolution
		{EAD9B166-75F9-4659-AEC8-2601057025F0}.Debug|Any CPU.ActiveCfg = Debug|Any CPU
		{EAD9B166-75F9-4659-AEC8-2601057025F0}.Debug|Any CPU.Build.0 = Debug|Any CPU
		{EAD9B166-75F9-4659-AEC8-2601057025F0}.Release|Any CPU.ActiveCfg = Release|Any CPU
		{EAD9B166-75F9-4659-AEC8-2601057025F0}.Release|Any CPU.Build.0 = Release|Any CPU
		{7DD9FB0B-F59F-4D1A-AF9A-11EFC239052A}.Debug|Any CPU.ActiveCfg = Debug|Any CPU
		{7DD9FB0B-F59F-4D1A-AF9A-11EFC239052A}.Debug|Any CPU.Build.0 = Debug|Any CPU
		{7DD9FB0B-F59F-4D1A-AF9A-11EFC239052A}.Release|Any CPU.ActiveCfg = Release|Any CPU
		{7DD9FB0B-F59F-4D1A-AF9A-11EFC239052A}.Release|Any CPU.Build.0 = Release|Any CPU
		{DACC9651-83E1-4D4D-84D6-7E7DEEFDE0E7}.Debug|Any CPU.ActiveCfg = Debug|Any CPU
		{DACC9651-83E1-4D4D-84D6-7E7DEEFDE0E7}.Debug|Any CPU.Build.0 = Debug|Any CPU
		{DACC9651-83E1-4D4D-84D6-7E7DEEFDE0E7}.Release|Any CPU.ActiveCfg = Release|Any CPU
		{DACC9651-83E1-4D4D-84D6-7E7DEEFDE0E7}.Release|Any CPU.Build.0 = Release|Any CPU
		{4D2E75E1-7FC5-4DA8-9C81-D7DF78334FFF}.Debug|Any CPU.ActiveCfg = Debug|Any CPU
		{4D2E75E1-7FC5-4DA8-9C81-D7DF78334FFF}.Debug|Any CPU.Build.0 = Debug|Any CPU
		{4D2E75E1-7FC5-4DA8-9C81-D7DF78334FFF}.Release|Any CPU.ActiveCfg = Release|Any CPU
		{4D2E75E1-7FC5-4DA8-9C81-D7DF78334FFF}.Release|Any CPU.Build.0 = Release|Any CPU
	EndGlobalSection
	GlobalSection(SolutionProperties) = preSolution
		HideSolutionNode = FALSE
	EndGlobalSection
	GlobalSection(ExtensibilityGlobals) = postSolution
		SolutionGuid = {E647CF6E-E874-4DBD-821E-52A8DC001F49}
	EndGlobalSection
EndGlobal
