
Microsoft Visual Studio Solution File, Format Version 12.00
# Visual Studio Version 16
VisualStudioVersion = 16.0.30804.86
MinimumVisualStudioVersion = 10.0.40219.1
Project("{FAE04EC0-301F-11D3-BF4B-00C04F79EFBC}") = "ExamSystemUI", "ExamSystemUI\ExamSystemUI.csproj", "{C8068541-6EA2-408C-B3A7-614D4C6AFE79}"
EndProject
Project("{FAE04EC0-301F-11D3-BF4B-00C04F79EFBC}") = "ExamSystem.Models", "ExamSystem.Models\ExamSystem.Models.csproj", "{527CC0C4-11C0-4282-A011-7F66A7C2F240}"
EndProject
Project("{FAE04EC0-301F-11D3-BF4B-00C04F79EFBC}") = "ExamSystem.DAL", "ExamSystem.DAL\ExamSystem.DAL.csproj", "{EAD9B166-75F9-4659-AEC8-2601057025F0}"
EndProject
Global
	GlobalSection(SolutionConfigurationPlatforms) = preSolution
		Debug|Any CPU = Debug|Any CPU
		Release|Any CPU = Release|Any CPU
	EndGlobalSection
	GlobalSection(ProjectConfigurationPlatforms) = postSolution
		{C8068541-6EA2-408C-B3A7-614D4C6AFE79}.Debug|Any CPU.ActiveCfg = Debug|Any CPU
		{C8068541-6EA2-408C-B3A7-614D4C6AFE79}.Debug|Any CPU.Build.0 = Debug|Any CPU
		{C8068541-6EA2-408C-B3A7-614D4C6AFE79}.Release|Any CPU.ActiveCfg = Release|Any CPU
		{C8068541-6EA2-408C-B3A7-614D4C6AFE79}.Release|Any CPU.Build.0 = Release|Any CPU
		{527CC0C4-11C0-4282-A011-7F66A7C2F240}.Debug|Any CPU.ActiveCfg = Debug|Any CPU
		{527CC0C4-11C0-4282-A011-7F66A7C2F240}.Debug|Any CPU.Build.0 = Debug|Any CPU
		{527CC0C4-11C0-4282-A011-7F66A7C2F240}.Release|Any CPU.ActiveCfg = Release|Any CPU
		{527CC0C4-11C0-4282-A011-7F66A7C2F240}.Release|Any CPU.Build.0 = Release|Any CPU
		{EAD9B166-75F9-4659-AEC8-2601057025F0}.Debug|Any CPU.ActiveCfg = Debug|Any CPU
		{EAD9B166-75F9-4659-AEC8-2601057025F0}.Debug|Any CPU.Build.0 = Debug|Any CPU
		{EAD9B166-75F9-4659-AEC8-2601057025F0}.Release|Any CPU.ActiveCfg = Release|Any CPU
		{EAD9B166-75F9-4659-AEC8-2601057025F0}.Release|Any CPU.Build.0 = Release|Any CPU
	EndGlobalSection
	GlobalSection(SolutionProperties) = preSolution
		HideSolutionNode = FALSE
	EndGlobalSection
	GlobalSection(ExtensibilityGlobals) = postSolution
		SolutionGuid = {E647CF6E-E874-4DBD-821E-52A8DC001F49}
	EndGlobalSection
EndGlobal
